// !$*UTF8*$!
{
	archiveVersion = 1;
	classes = {
	};
	objectVersion = 46;
	objects = {

/* Begin PBXBuildFile section */
		1327C0BF1CD4792D00D35F44 /* RustTests.m in Sources */ = {isa = PBXBuildFile; fileRef = 1327C0BE1CD4792D00D35F44 /* RustTests.m */; };
		1327C0C41CD47C2C00D35F44 /* libRustTests.a in Frameworks */ = {isa = PBXBuildFile; fileRef = 1327C0C31CD47C2C00D35F44 /* libRustTests.a */; };
/* End PBXBuildFile section */

/* Begin PBXFileReference section */
		1327C0BB1CD4792D00D35F44 /* RustTests.xctest */ = {isa = PBXFileReference; explicitFileType = wrapper.cfbundle; includeInIndex = 0; path = RustTests.xctest; sourceTree = BUILT_PRODUCTS_DIR; };
		1327C0BE1CD4792D00D35F44 /* RustTests.m */ = {isa = PBXFileReference; lastKnownFileType = sourcecode.c.objc; path = RustTests.m; sourceTree = "<group>"; };
		1327C0C31CD47C2C00D35F44 /* libRustTests.a */ = {isa = PBXFileReference; lastKnownFileType = archive.ar; path = libRustTests.a; sourceTree = "<group>"; };
/* End PBXFileReference section */

/* Begin PBXFrameworksBuildPhase section */
		1327C0B81CD4792D00D35F44 /* Frameworks */ = {
			isa = PBXFrameworksBuildPhase;
			buildActionMask = 2147483647;
			files = (
				1327C0C41CD47C2C00D35F44 /* libRustTests.a in Frameworks */,
			);
			runOnlyForDeploymentPostprocessing = 0;
		};
/* End PBXFrameworksBuildPhase section */

/* Begin PBXGroup section */
		1327C0B01CD4779800D35F44 = {
			isa = PBXGroup;
			children = (
				1327C0BE1CD4792D00D35F44 /* RustTests.m */,
				1327C0C31CD47C2C00D35F44 /* libRustTests.a */,
				1327C0BC1CD4792D00D35F44 /* Products */,
			);
			sourceTree = "<group>";
		};
		1327C0BC1CD4792D00D35F44 /* Products */ = {
			isa = PBXGroup;
			children = (
				1327C0BB1CD4792D00D35F44 /* RustTests.xctest */,
			);
			name = Products;
			sourceTree = "<group>";
		};
/* End PBXGroup section */

/* Begin PBXNativeTarget section */
		1327C0BA1CD4792D00D35F44 /* RustTests */ = {
			isa = PBXNativeTarget;
			buildConfigurationList = 1327C0C11CD4792D00D35F44 /* Build configuration list for PBXNativeTarget "RustTests" */;
			buildPhases = (
				1327C0B71CD4792D00D35F44 /* Sources */,
				1327C0B81CD4792D00D35F44 /* Frameworks */,
				1327C0B91CD4792D00D35F44 /* Resources */,
			);
			buildRules = (
			);
			dependencies = (
			);
			name = RustTests;
			productName = RustTests;
			productReference = 1327C0BB1CD4792D00D35F44 /* RustTests.xctest */;
			productType = "com.apple.product-type.bundle.unit-test";
		};
/* End PBXNativeTarget section */

/* Begin PBXProject section */
		1327C0B11CD4779800D35F44 /* Project object */ = {
			isa = PBXProject;
			attributes = {
				LastUpgradeCheck = 0730;
				TargetAttributes = {
					1327C0BA1CD4792D00D35F44 = {
						CreatedOnToolsVersion = 7.3;
					};
				};
			};
			buildConfigurationList = 1327C0B41CD4779800D35F44 /* Build configuration list for PBXProject "RustTests" */;
			compatibilityVersion = "Xcode 3.2";
			developmentRegion = English;
			hasScannedForEncodings = 0;
			mainGroup = 1327C0B01CD4779800D35F44;
			productRefGroup = 1327C0BC1CD4792D00D35F44 /* Products */;
			projectDirPath = "";
			projectRoot = "";
			targets = (
				1327C0BA1CD4792D00D35F44 /* RustTests */,
			);
		};
/* End PBXProject section */

/* Begin PBXResourcesBuildPhase section */
		1327C0B91CD4792D00D35F44 /* Resources */ = {
			isa = PBXResourcesBuildPhase;
			buildActionMask = 2147483647;
			files = (
			);
			runOnlyForDeploymentPostprocessing = 0;
		};
/* End PBXResourcesBuildPhase section */

/* Begin PBXSourcesBuildPhase section */
		1327C0B71CD4792D00D35F44 /* Sources */ = {
			isa = PBXSourcesBuildPhase;
			buildActionMask = 2147483647;
			files = (
				1327C0BF1CD4792D00D35F44 /* RustTests.m in Sources */,
			);
			runOnlyForDeploymentPostprocessing = 0;
		};
/* End PBXSourcesBuildPhase section */

/* Begin XCBuildConfiguration section */
		1327C0B51CD4779800D35F44 /* Debug */ = {
			isa = XCBuildConfiguration;
			buildSettings = {
				IPHONEOS_DEPLOYMENT_TARGET = 8.0;
				SDKROOT = iphoneos;
				SUPPORTED_PLATFORMS = "iphonesimulator iphoneos";
			};
			name = Debug;
		};
		1327C0C21CD4792D00D35F44 /* Debug */ = {
			isa = XCBuildConfiguration;
			buildSettings = {
				ALWAYS_SEARCH_USER_PATHS = NO;
				CLANG_ANALYZER_NONNULL = YES;
				CLANG_CXX_LANGUAGE_STANDARD = "gnu++0x";
				CLANG_CXX_LIBRARY = "libc++";
				CLANG_ENABLE_MODULES = YES;
				CLANG_ENABLE_OBJC_ARC = YES;
				CLANG_WARN_BOOL_CONVERSION = YES;
				CLANG_WARN_CONSTANT_CONVERSION = YES;
				CLANG_WARN_DIRECT_OBJC_ISA_USAGE = YES_ERROR;
				CLANG_WARN_EMPTY_BODY = YES;
				CLANG_WARN_ENUM_CONVERSION = YES;
				CLANG_WARN_INT_CONVERSION = YES;
				CLANG_WARN_OBJC_ROOT_CLASS = YES_ERROR;
				CLANG_WARN_UNREACHABLE_CODE = YES;
				CLANG_WARN__DUPLICATE_METHOD_MATCH = YES;
				"CODE_SIGN_IDENTITY[sdk=iphoneos*]" = "iPhone Developer";
				COPY_PHASE_STRIP = NO;
				DEBUG_INFORMATION_FORMAT = dwarf;
				ENABLE_STRICT_OBJC_MSGSEND = YES;
				ENABLE_TESTABILITY = YES;
				GCC_C_LANGUAGE_STANDARD = gnu99;
				GCC_DYNAMIC_NO_PIC = NO;
				GCC_NO_COMMON_BLOCKS = YES;
				GCC_OPTIMIZATION_LEVEL = 0;
				GCC_PREPROCESSOR_DEFINITIONS = (
					"DEBUG=1",
					"$(inherited)",
				);
				GCC_WARN_64_TO_32_BIT_CONVERSION = YES;
				GCC_WARN_ABOUT_RETURN_TYPE = YES_ERROR;
				GCC_WARN_UNDECLARED_SELECTOR = YES;
				GCC_WARN_UNINITIALIZED_AUTOS = YES_AGGRESSIVE;
				GCC_WARN_UNUSED_FUNCTION = YES;
				GCC_WARN_UNUSED_VARIABLE = YES;
				LD_RUNPATH_SEARCH_PATHS = "$(inherited) @executable_path/Frameworks @loader_path/Frameworks";
				LIBRARY_SEARCH_PATHS = (
					"$(inherited)",
					"$(PROJECT_DIR)",
				);
				OTHER_LDFLAGS = "-lresolv";
				MTL_ENABLE_DEBUG_INFO = YES;
				ONLY_ACTIVE_ARCH = YES;
				PRODUCT_BUNDLE_IDENTIFIER = "org.rust-lang.RustTests";
				PRODUCT_NAME = "$(TARGET_NAME)";
			};
			name = Debug;
		};
/* End XCBuildConfiguration section */

/* Begin XCConfigurationList section */
		1327C0B41CD4779800D35F44 /* Build configuration list for PBXProject "RustTests" */ = {
			isa = XCConfigurationList;
			buildConfigurations = (
				1327C0B51CD4779800D35F44 /* Debug */,
			);
			defaultConfigurationIsVisible = 0;
			defaultConfigurationName = Debug;
		};
		1327C0C11CD4792D00D35F44 /* Build configuration list for PBXNativeTarget "RustTests" */ = {
			isa = XCConfigurationList;
			buildConfigurations = (
				1327C0C21CD4792D00D35F44 /* Debug */,
			);
			defaultConfigurationIsVisible = 0;
			defaultConfigurationName = Debug;
		};
/* End XCConfigurationList section */
	};
	rootObject = 1327C0B11CD4779800D35F44 /* Project object */;
}
